PODS:
  - Flutter (1.0.0)
  - flutter_qiniu (0.1.2):
    - Flutter
    - Qiniu
  - Qiniu (7.3.2)

DEPENDENCIES:
  - Flutter (from `.symlinks/flutter/ios`)
  - flutter_qiniu (from `.symlinks/plugins/flutter_qiniu/ios`)

SPEC REPOS:
  https://github.com/CocoaPods/Specs.git:
    - Qiniu

EXTERNAL SOURCES:
  Flutter:
    :path: ".symlinks/flutter/ios"
  flutter_qiniu:
    :path: ".symlinks/plugins/flutter_qiniu/ios"

SPEC CHECKSUMS:
  Flutter: 0e3d915762c693b495b44d77113d4970485de6ec
  flutter_qiniu: 6f975a0e0c96cdc264c61d1ea20a3a6c8f047996
  Qiniu: a248627a07bb8a39c6a11ae8059b7161c363539b

PODFILE CHECKSUM: e94c7c7d8e4d6f1a0062518d62ec61a2e108e519

COCOAPODS: 1.8.3
